<Solution>
  <Project Path="Attributes/Attributes.csproj" />
  <Project Path="Benchmarks/Benchmarks.csproj" />
  <Project Path="FindingTypes/FindingTypes.csproj" />
  <Project Path="SharedTypes/SharedTypes.csproj" />
  <Project Path="Generics/Generics.csproj" />
  <Project Path="MemberInformation/MemberInformation.csproj" />
  <Project Path="UnsafeAccessor/UnsafeAccessor.csproj" />
  <Project Path="WhatIsReflection/WhatIsReflection.csproj" />
</Solution>
